{
  "name": "task_roller",
  "requires": true,
  "lockfileVersion": 1,
  "dependencies": {
    "bindings": {
      "version": "1.5.0",
      "resolved": "https://registry.npmjs.org/bindings/-/bindings-1.5.0.tgz",
      "integrity": "sha512-p2q/t/mhvuOj/UeLlV6566GD/guowlr0hHxClI0W9m7MWYkL1F0hLo+0Aexs9HSPCtR1SXQ0TD3MMKrXZajbiQ==",
      "requires": {
        "file-uri-to-path": "1.0.0"
      }
    },
    "codemirror": {
      "version": "5.54.0",
      "resolved": "https://registry.npmjs.org/codemirror/-/codemirror-5.54.0.tgz",
      "integrity": "sha512-Pgf3surv4zvw+KaW3doUU7pGjF0BPU8/sj7eglWJjzni46U/DDW8pu3nZY0QgQKUcICDXRkq8jZmq0y6KhxM3Q=="
    },
    "codemirror-spell-checker": {
      "version": "1.1.2",
      "resolved": "https://registry.npmjs.org/codemirror-spell-checker/-/codemirror-spell-checker-1.1.2.tgz",
      "integrity": "sha1-HGYPkIlIPMtRE7m6nKGcP0mTNx4=",
      "requires": {
        "typo-js": "*"
      }
    },
    "file-uri-to-path": {
      "version": "1.0.0",
      "resolved": "https://registry.npmjs.org/file-uri-to-path/-/file-uri-to-path-1.0.0.tgz",
      "integrity": "sha512-0Zt+s3L7Vf1biwWZ29aARiVYLx7iMGnEUl9x33fbB/j3jR81u/O2LbqK+Bm1CDSNDKVtJ/YjwY7TUd5SkeLQLw=="
    },
    "foundation-sites": {
      "version": "6.4.4-rc1",
      "resolved": "https://registry.npmjs.org/foundation-sites/-/foundation-sites-6.4.4-rc1.tgz",
      "integrity": "sha512-26cL66QFNqMVwM7bmIEqq4jiW+6CkIeW719ci1pchdJ4UK0Om+3Jl7MhkX/lzdzRHB75f2m1IK9lxk3JGOwApA==",
      "requires": {
        "jquery": ">=3.0.0",
        "what-input": "^4.1.3"
      }
    },
    "jquery": {
      "version": "3.5.1",
      "resolved": "https://registry.npmjs.org/jquery/-/jquery-3.5.1.tgz",
      "integrity": "sha512-XwIBPqcMn57FxfT+Go5pzySnm4KWkT1Tv7gjrpT1srtf8Weynl6R273VJ5GjkRb51IzMp5nbaPjJXMWeju2MKg=="
    },
    "marked": {
      "version": "1.1.0",
      "resolved": "https://registry.npmjs.org/marked/-/marked-1.1.0.tgz",
      "integrity": "sha512-EkE7RW6KcXfMHy2PA7Jg0YJE1l8UPEZE8k45tylzmZM30/r1M1MUXWQfJlrSbsTeh7m/XTwHbWUENvAJZpp1YA=="
    },
    "milligram": {
      "version": "1.3.0",
      "resolved": "https://registry.npmjs.org/milligram/-/milligram-1.3.0.tgz",
      "integrity": "sha1-pdmA746veTN8lqjXx+F2dkkxBCw=",
      "requires": {
        "normalize.css": "~5.0.0"
      },
      "dependencies": {
        "normalize.css": {
          "version": "5.0.0",
          "resolved": "https://registry.npmjs.org/normalize.css/-/normalize.css-5.0.0.tgz",
          "integrity": "sha1-fOyHXOgXilMzxN6Ato6pwYudfDc="
        }
      }
    },
    "nan": {
      "version": "2.14.1",
      "resolved": "https://registry.npmjs.org/nan/-/nan-2.14.1.tgz",
      "integrity": "sha512-isWHgVjnFjh2x2yuJ/tj3JbwoHu3UC2dX5G/88Cm24yB6YopVgxvBObDY7n5xW6ExmFhJpSEQqFPvq9zaXc8Jw=="
    },
    "normalize.css": {
      "version": "7.0.0",
      "resolved": "https://registry.npmjs.org/normalize.css/-/normalize.css-7.0.0.tgz",
      "integrity": "sha1-q/sd2CRwZ04DIrU86xqvQSk45L8="
    },
    "rainbow-code": {
      "version": "2.1.2",
      "resolved": "https://registry.npmjs.org/rainbow-code/-/rainbow-code-2.1.2.tgz",
      "integrity": "sha1-NHtIF1VZKwGednLk/bJfwWClDwo=",
      "requires": {
        "webworker-threads": "0.7.5"
      }
    },
    "simplemde": {
      "version": "1.11.2",
      "resolved": "https://registry.npmjs.org/simplemde/-/simplemde-1.11.2.tgz",
      "integrity": "sha1-ojo12XjSxA7wfewAjJLwcNjggOM=",
      "requires": {
        "codemirror": "*",
        "codemirror-spell-checker": "*",
        "marked": "*"
      }
    },
    "typo-js": {
      "version": "1.1.0",
      "resolved": "https://registry.npmjs.org/typo-js/-/typo-js-1.1.0.tgz",
      "integrity": "sha512-W3kLbx+ML9PBl5Bzso/lTvVxk4BCveSNAtQeht59FEtxCdGThmn6wSHA4Xq3eQYAK24NHdisMM4JmsK0GFy/pg=="
    },
    "validate-js": {
      "version": "2.0.1",
      "resolved": "https://registry.npmjs.org/validate-js/-/validate-js-2.0.1.tgz",
      "integrity": "sha1-6f4mPy3BKU5cX8bo4uuPtta6wMw="
    },
    "webworker-threads": {
      "version": "0.7.5",
      "resolved": "https://registry.npmjs.org/webworker-threads/-/webworker-threads-0.7.5.tgz",
      "integrity": "sha1-gv5Wfn63exZD6iQ+hXHd6C4dVmg=",
      "requires": {
        "bindings": "^1.2.1",
        "nan": "^2.3.3"
      }
    },
    "what-input": {
      "version": "4.3.1",
      "resolved": "https://registry.npmjs.org/what-input/-/what-input-4.3.1.tgz",
      "integrity": "sha512-7KD71RWNRWI9M08shZ8+n/2UjO5amwsG9PMSXWz0iIlH8H2DVbHE8Z2tW1RqQa0kIwdeqdUIffFz7crDfkcbAw=="
    }
  }
}
